PODS:
  - markymark (9.2.1)
  - SwiftLint (0.28.1)

DEPENDENCIES:
  - markymark (from `../`)
  - SwiftLint

SPEC REPOS:
  https://github.com/CocoaPods/Specs:
    - SwiftLint

EXTERNAL SOURCES:
  markymark:
    :path: "../"

SPEC CHECKSUMS:
  markymark: 548f4396f966c6368ea121b8e4924bbe543e6ab0
  SwiftLint: 7f5f7de0da74a649b16616cb5246ae323489656e

PODFILE CHECKSUM: ac26bbd0b2acca180dc458845f0951e758f55812

COCOAPODS: 1.8.4
